
Microsoft Visual Studio Solution File, Format Version 12.00
# Visual Studio Version 17
VisualStudioVersion = 17.5.33516.290
MinimumVisualStudioVersion = 10.0.40219.1
Project("{FAE04EC0-301F-11D3-BF4B-00C04F79EFBC}") = "CapaDatos", "CapaDatos\CapaDatos.csproj", "{88D8EFEC-8618-45BB-8BF7-AF732987E79C}"
EndProject
Project("{FAE04EC0-301F-11D3-BF4B-00C04F79EFBC}") = "CapaCliente", "CapaCliente\CapaCliente.csproj", "{A85025F8-88DD-40C3-9E07-48D26E99F495}"
EndProject
Global
	GlobalSection(SolutionConfigurationPlatforms) = preSolution
		Debug|Any CPU = Debug|Any CPU
		Release|Any CPU = Release|Any CPU
	EndGlobalSection
	GlobalSection(ProjectConfigurationPlatforms) = postSolution
		{88D8EFEC-8618-45BB-8BF7-AF732987E79C}.Debug|Any CPU.ActiveCfg = Debug|Any CPU
		{88D8EFEC-8618-45BB-8BF7-AF732987E79C}.Debug|Any CPU.Build.0 = Debug|Any CPU
		{88D8EFEC-8618-45BB-8BF7-AF732987E79C}.Release|Any CPU.ActiveCfg = Release|Any CPU
		{88D8EFEC-8618-45BB-8BF7-AF732987E79C}.Release|Any CPU.Build.0 = Release|Any CPU
		{A85025F8-88DD-40C3-9E07-48D26E99F495}.Debug|Any CPU.ActiveCfg = Debug|Any CPU
		{A85025F8-88DD-40C3-9E07-48D26E99F495}.Debug|Any CPU.Build.0 = Debug|Any CPU
		{A85025F8-88DD-40C3-9E07-48D26E99F495}.Release|Any CPU.ActiveCfg = Release|Any CPU
		{A85025F8-88DD-40C3-9E07-48D26E99F495}.Release|Any CPU.Build.0 = Release|Any CPU
	EndGlobalSection
	GlobalSection(SolutionProperties) = preSolution
		HideSolutionNode = FALSE
	EndGlobalSection
	GlobalSection(ExtensibilityGlobals) = postSolution
		SolutionGuid = {B10C33C4-97A7-4D48-9D9D-C0CE1EC25B8B}
	EndGlobalSection
EndGlobal
